
Microsoft Visual Studio Solution File, Format Version 12.00
# Visual Studio Version 16
VisualStudioVersion = 16.0.29806.167
MinimumVisualStudioVersion = 10.0.40219.1
Project("{FAE04EC0-301F-11D3-BF4B-00C04F79EFBC}") = "CheckersLogic", "CheckersLogic\CheckersLogic.csproj", "{D9B1E310-7D9B-4602-B922-8D50CE8E2CE2}"
EndProject
Project("{2150E333-8FDC-42A3-9474-1A3956D46DE8}") = "Solution Items", "Solution Items", "{CCE9077D-73A6-48B8-9C41-4B97B3A8184F}"
	ProjectSection(SolutionItems) = preProject
		StudentDetails.txt = StudentDetails.txt
	EndProjectSection
EndProject
Project("{FAE04EC0-301F-11D3-BF4B-00C04F79EFBC}") = "WindowsUI", "Ex05.Windows\WindowsUI.csproj", "{0312210C-7763-4575-B7F3-6DA0C860BB06}"
EndProject
Project("{2150E333-8FDC-42A3-9474-1A3956D46DE8}") = "img", "img", "{1030AF9F-9957-4D7E-A02B-EE3973491B7F}"
	ProjectSection(SolutionItems) = preProject
		pic\K.png = pic\K.png
		pic\O.png = pic\O.png
		pic\U.png = pic\U.png
		pic\X.png = pic\X.png
	EndProjectSection
EndProject
Global
	GlobalSection(SolutionConfigurationPlatforms) = preSolution
		Debug|Any CPU = Debug|Any CPU
		Release|Any CPU = Release|Any CPU
	EndGlobalSection
	GlobalSection(ProjectConfigurationPlatforms) = postSolution
		{D9B1E310-7D9B-4602-B922-8D50CE8E2CE2}.Debug|Any CPU.ActiveCfg = Debug|Any CPU
		{D9B1E310-7D9B-4602-B922-8D50CE8E2CE2}.Debug|Any CPU.Build.0 = Debug|Any CPU
		{D9B1E310-7D9B-4602-B922-8D50CE8E2CE2}.Release|Any CPU.ActiveCfg = Release|Any CPU
		{D9B1E310-7D9B-4602-B922-8D50CE8E2CE2}.Release|Any CPU.Build.0 = Release|Any CPU
		{0312210C-7763-4575-B7F3-6DA0C860BB06}.Debug|Any CPU.ActiveCfg = Debug|Any CPU
		{0312210C-7763-4575-B7F3-6DA0C860BB06}.Debug|Any CPU.Build.0 = Debug|Any CPU
		{0312210C-7763-4575-B7F3-6DA0C860BB06}.Release|Any CPU.ActiveCfg = Release|Any CPU
		{0312210C-7763-4575-B7F3-6DA0C860BB06}.Release|Any CPU.Build.0 = Release|Any CPU
	EndGlobalSection
	GlobalSection(SolutionProperties) = preSolution
		HideSolutionNode = FALSE
	EndGlobalSection
	GlobalSection(NestedProjects) = preSolution
		{D9B1E310-7D9B-4602-B922-8D50CE8E2CE2} = {CCE9077D-73A6-48B8-9C41-4B97B3A8184F}
		{0312210C-7763-4575-B7F3-6DA0C860BB06} = {CCE9077D-73A6-48B8-9C41-4B97B3A8184F}
		{1030AF9F-9957-4D7E-A02B-EE3973491B7F} = {CCE9077D-73A6-48B8-9C41-4B97B3A8184F}
	EndGlobalSection
	GlobalSection(ExtensibilityGlobals) = postSolution
		SolutionGuid = {799A7C9B-F1CA-4E39-A188-5336C8A0BAD4}
	EndGlobalSection
EndGlobal
